
Microsoft Visual Studio Solution File, Format Version 12.00
# Visual Studio Version 16
VisualStudioVersion = 16.0.32126.315
MinimumVisualStudioVersion = 10.0.40219.1
Project("{FAE04EC0-301F-11D3-BF4B-00C04F79EFBC}") = "Multitier3", "Multitier3\Multitier3.csproj", "{09E0FB83-77C7-4861-B8A7-654CEDE91E71}"
EndProject
Project("{FAE04EC0-301F-11D3-BF4B-00C04F79EFBC}") = "BussinessAccessLayer", "BussinessAccessLayer\BussinessAccessLayer.csproj", "{0ADA0B34-E258-414D-BF0D-F16005279602}"
EndProject
Project("{FAE04EC0-301F-11D3-BF4B-00C04F79EFBC}") = "CommanLayer", "CommanLayer\CommanLayer.csproj", "{A435D563-F94B-4CB9-B68B-1868E6CE88E1}"
EndProject
Project("{FAE04EC0-301F-11D3-BF4B-00C04F79EFBC}") = "DataAccessLayer", "DataAccessLayer\DataAccessLayer.csproj", "{C0143F2E-DB30-4B98-B3F9-0CAC13717A9D}"
EndProject
Global
	GlobalSection(SolutionConfigurationPlatforms) = preSolution
		Debug|Any CPU = Debug|Any CPU
		Release|Any CPU = Release|Any CPU
	EndGlobalSection
	GlobalSection(ProjectConfigurationPlatforms) = postSolution
		{09E0FB83-77C7-4861-B8A7-654CEDE91E71}.Debug|Any CPU.ActiveCfg = Debug|Any CPU
		{09E0FB83-77C7-4861-B8A7-654CEDE91E71}.Debug|Any CPU.Build.0 = Debug|Any CPU
		{09E0FB83-77C7-4861-B8A7-654CEDE91E71}.Release|Any CPU.ActiveCfg = Release|Any CPU
		{09E0FB83-77C7-4861-B8A7-654CEDE91E71}.Release|Any CPU.Build.0 = Release|Any CPU
		{0ADA0B34-E258-414D-BF0D-F16005279602}.Debug|Any CPU.ActiveCfg = Debug|Any CPU
		{0ADA0B34-E258-414D-BF0D-F16005279602}.Debug|Any CPU.Build.0 = Debug|Any CPU
		{0ADA0B34-E258-414D-BF0D-F16005279602}.Release|Any CPU.ActiveCfg = Release|Any CPU
		{0ADA0B34-E258-414D-BF0D-F16005279602}.Release|Any CPU.Build.0 = Release|Any CPU
		{A435D563-F94B-4CB9-B68B-1868E6CE88E1}.Debug|Any CPU.ActiveCfg = Debug|Any CPU
		{A435D563-F94B-4CB9-B68B-1868E6CE88E1}.Debug|Any CPU.Build.0 = Debug|Any CPU
		{A435D563-F94B-4CB9-B68B-1868E6CE88E1}.Release|Any CPU.ActiveCfg = Release|Any CPU
		{A435D563-F94B-4CB9-B68B-1868E6CE88E1}.Release|Any CPU.Build.0 = Release|Any CPU
		{C0143F2E-DB30-4B98-B3F9-0CAC13717A9D}.Debug|Any CPU.ActiveCfg = Debug|Any CPU
		{C0143F2E-DB30-4B98-B3F9-0CAC13717A9D}.Debug|Any CPU.Build.0 = Debug|Any CPU
		{C0143F2E-DB30-4B98-B3F9-0CAC13717A9D}.Release|Any CPU.ActiveCfg = Release|Any CPU
		{C0143F2E-DB30-4B98-B3F9-0CAC13717A9D}.Release|Any CPU.Build.0 = Release|Any CPU
	EndGlobalSection
	GlobalSection(SolutionProperties) = preSolution
		HideSolutionNode = FALSE
	EndGlobalSection
	GlobalSection(ExtensibilityGlobals) = postSolution
		SolutionGuid = {9A1D803C-25CC-4668-BC57-FDA17F5F1975}
	EndGlobalSection
EndGlobal
